
Microsoft Visual Studio Solution File, Format Version 12.00
# Visual Studio 14
VisualStudioVersion = 14.0.25420.1
MinimumVisualStudioVersion = 10.0.40219.1
Project("{FAE04EC0-301F-11D3-BF4B-00C04F79EFBC}") = "ZeroRoo", "ZeroRoo\ZeroRoo.csproj", "{D1E3B18D-0683-492F-9F0F-4E4EA40F39BD}"
EndProject
Project("{FAE04EC0-301F-11D3-BF4B-00C04F79EFBC}") = "ZeroRoo.Launcher", "ZeroRoo.Launcher\ZeroRoo.Launcher.csproj", "{8F7FB58F-389D-467B-B4C5-B5846DB317FB}"
EndProject
Project("{FAE04EC0-301F-11D3-BF4B-00C04F79EFBC}") = "ZeroRoo.Configuration", "ZeroRoo.Configuration\ZeroRoo.Configuration.csproj", "{7DE936D5-7654-4842-ADDE-C3B03D0603D0}"
EndProject
Project("{FAE04EC0-301F-11D3-BF4B-00C04F79EFBC}") = "ZeroRoo.Commands", "ZeroRoo.Command\ZeroRoo.Commands.csproj", "{A8F37693-21A7-4440-A10A-AB5E6B5719A7}"
EndProject
Project("{FAE04EC0-301F-11D3-BF4B-00C04F79EFBC}") = "ZeroRoo.Docker", "ZeroRoo.Docker\ZeroRoo.Docker.csproj", "{1F2D8A97-01C8-45AF-ADA4-29D139F1F91E}"
EndProject
Project("{FAE04EC0-301F-11D3-BF4B-00C04F79EFBC}") = "DSKinDemo", "..\..\documents\DSkin\【各控件演示】DSKin控件库案例集合源码\DSKinDemo\DSKinDemo\DSKinDemo.csproj", "{D5543D15-A607-4918-8D33-B3B904E009FD}"
EndProject
Project("{FAE04EC0-301F-11D3-BF4B-00C04F79EFBC}") = "QQSetting", "..\..\documents\DSkin\【QQ设置界面 】QQ设置界面案例源码\QQSetting\QQSetting\QQSetting.csproj", "{4C704B87-1A98-4ABA-BE1B-47503D0AB882}"
EndProject
Project("{FAE04EC0-301F-11D3-BF4B-00C04F79EFBC}") = "ZeroRoo.App", "ZeroRoo.App\ZeroRoo.App.csproj", "{5DC576ED-EBB1-446C-AE3B-0120A23535AF}"
EndProject
Project("{2150E333-8FDC-42A3-9474-1A3956D46DE8}") = "Laundry15", "Laundry15", "{B45AA023-7F8E-47B7-B20B-E2623C586A38}"
EndProject
Project("{FAE04EC0-301F-11D3-BF4B-00C04F79EFBC}") = "Laundry.LibCore", "Laundry15\Laundry.LibCore\Laundry.LibCore.csproj", "{94397912-EB0E-41D3-AFB3-A868B791DD81}"
EndProject
Project("{FAE04EC0-301F-11D3-BF4B-00C04F79EFBC}") = "Laundry.DbMigration", "Laundry15\Laundry.DbMigration\Laundry.DbMigration.csproj", "{B5452A7F-BCA8-4196-9729-385E7CB7A702}"
EndProject
Project("{FAE04EC0-301F-11D3-BF4B-00C04F79EFBC}") = "Laundry.LibCore.Forms", "Laundry15\Laundry.LibCore.Forms\Laundry.LibCore.Forms.csproj", "{7FC5D02B-ADFD-4EE8-9015-B243128A3B40}"
EndProject
Project("{FAE04EC0-301F-11D3-BF4B-00C04F79EFBC}") = "Laundry.LibCore.Print", "Laundry15\Laundry.LibCore.Print\Laundry.LibCore.Print.csproj", "{2AE39237-AF64-4A4F-B805-DC0CE1CD21A7}"
EndProject
Project("{FAE04EC0-301F-11D3-BF4B-00C04F79EFBC}") = "Laundry.Configuration.Models", "Laundry15\Laundry.Configuration.Models\Laundry.Configuration.Models.csproj", "{A7A1DAE3-B6F5-4BC6-9A47-3A6FB70F365D}"
EndProject
Project("{FAE04EC0-301F-11D3-BF4B-00C04F79EFBC}") = "UnitTests", "Laundry15\UnitTests\UnitTests.csproj", "{4644D251-3FD3-4436-9DAF-E60421959368}"
EndProject
Project("{2150E333-8FDC-42A3-9474-1A3956D46DE8}") = "Apps", "Apps", "{3AFCD893-106D-4765-B2CD-B7832FFA3F31}"
EndProject
Project("{FAE04EC0-301F-11D3-BF4B-00C04F79EFBC}") = "Laundry.Apps.DbMigrationOnce", "Laundry15\Apps\Laundry.Apps.DbMigrationOnce\Laundry.Apps.DbMigrationOnce.csproj", "{2F6BE12C-387B-454A-83E6-D171BA54F57F}"
EndProject
Project("{FAE04EC0-301F-11D3-BF4B-00C04F79EFBC}") = "Laundry.Apps.Backup", "Laundry15\Apps\Laundry.Apps.Backup\Laundry.Apps.Backup.csproj", "{38918598-4AEA-40CF-92AA-1B3AB267D4D0}"
EndProject
Project("{FAE04EC0-301F-11D3-BF4B-00C04F79EFBC}") = "Laundry.Apps.CameraData", "Laundry15\Apps\Laundry.Apps.CameraData\Laundry.Apps.CameraData.csproj", "{483FD45C-8762-45AC-8877-C57130F3BA77}"
EndProject
Project("{FAE04EC0-301F-11D3-BF4B-00C04F79EFBC}") = "Laundry.Apps.LaundryTicket", "Laundry15\Apps\Laundry.Apps.LaundryTicket\Laundry.Apps.LaundryTicket.csproj", "{FE3F73DC-EAF1-432B-B873-74E325C8A2E5}"
EndProject
Project("{FAE04EC0-301F-11D3-BF4B-00C04F79EFBC}") = "Laundry.Apps.Search", "Laundry15\Apps\Laundry.Apps.Search\Laundry.Apps.Search.csproj", "{5D8EEE6C-6488-453C-82C8-AA475E89332E}"
EndProject
Project("{FAE04EC0-301F-11D3-BF4B-00C04F79EFBC}") = "Laundry.Apps.Settings", "Laundry15\Apps\Laundry.Apps.Settings\Laundry.Apps.Settings.csproj", "{7726091B-D454-487C-A6CC-F74F9F6DC05A}"
EndProject
Project("{FAE04EC0-301F-11D3-BF4B-00C04F79EFBC}") = "Laundry.Apps.TicketManage", "Laundry15\Apps\Laundry.Apps.TicketManage\Laundry.Apps.TicketManage.csproj", "{9DE7AF80-6B34-49D5-8D59-B705618235DF}"
EndProject
Project("{FAE04EC0-301F-11D3-BF4B-00C04F79EFBC}") = "Laundry.Apps.Update", "Laundry15\Apps\Laundry.Apps.Update\Laundry.Apps.Update.csproj", "{2E307838-E0C9-4CB8-90AE-65C4DB7FC457}"
EndProject
Project("{2150E333-8FDC-42A3-9474-1A3956D46DE8}") = "UI", "UI", "{19F90079-9154-4E0E-B45A-1AF899E3818D}"
EndProject
Project("{FAE04EC0-301F-11D3-BF4B-00C04F79EFBC}") = "UI.Q", "UI\UI.DSkin.Q\UI.Q.csproj", "{E6CE54EB-2C80-4DCF-A300-A51D905B660C}"
EndProject
Project("{FAE04EC0-301F-11D3-BF4B-00C04F79EFBC}") = "UI.Q.Demo", "UI\UI.DSkin.Q.Demo\UI.Q.Demo.csproj", "{A59DABCC-737E-4656-B7F1-772D249D6436}"
EndProject
Project("{FAE04EC0-301F-11D3-BF4B-00C04F79EFBC}") = "QQ2014", "..\..\documents\DSkin\【高仿QQ2014水晶版】DSkin案例源码(2015-7-7)\QQ2014\QQ2014.csproj", "{5477FEFA-6C70-4DE1-AC1C-9983E5B87DC4}"
EndProject
Project("{FAE04EC0-301F-11D3-BF4B-00C04F79EFBC}") = "ZeroRoo.Terminal", "ZeroRoo.Terminal\ZeroRoo.Terminal.csproj", "{D5C774A1-1231-4C8F-8F99-50F62640BBCC}"
EndProject
Project("{FAE04EC0-301F-11D3-BF4B-00C04F79EFBC}") = "ZeroRoo.Laughing", "ZeroRoo.Laugh\ZeroRoo.Laughing.csproj", "{50C4D456-943B-405E-ADEE-E9314763B7D2}"
EndProject
Project("{FAE04EC0-301F-11D3-BF4B-00C04F79EFBC}") = "ZUnitTestProject", "UnitTestProject\ZUnitTestProject.csproj", "{882F151C-7954-4B3A-B4B0-51C8A6FF9006}"
EndProject
Project("{FAE04EC0-301F-11D3-BF4B-00C04F79EFBC}") = "ZeroRoo.Terminal.Core", "ZeroRoo.Terminal.Core\ZeroRoo.Terminal.Core.csproj", "{30901453-6F8E-460A-B21F-18C14DD1847E}"
EndProject
Project("{FAE04EC0-301F-11D3-BF4B-00C04F79EFBC}") = "ZeroRoo.Commands.TestConsole", "ZeroRoo.Commands.TestConsole\ZeroRoo.Commands.TestConsole.csproj", "{DEE7D89A-F7FC-44F4-8773-9A13DE159CD1}"
EndProject
Project("{FAE04EC0-301F-11D3-BF4B-00C04F79EFBC}") = "ZeroRoo.Apps.TaskManager", "Apps\ZeroRoo.Apps.TaskManager\ZeroRoo.Apps.TaskManager.csproj", "{9A5B0F0E-08F1-49C7-AAFC-27FDB74640CC}"
EndProject
Project("{FAE04EC0-301F-11D3-BF4B-00C04F79EFBC}") = "ZeroRoo.Apps.AppStore", "Apps\ZeroRoo.Apps.AppStore\ZeroRoo.Apps.AppStore.csproj", "{F4739E48-0647-47C4-AAAA-1691FBA0B1D1}"
EndProject
Project("{FAE04EC0-301F-11D3-BF4B-00C04F79EFBC}") = "ZeroRoo.Apps.AppFinder", "Apps\ZeroRoo.Apps.AppFinder\ZeroRoo.Apps.AppFinder.csproj", "{39F8EBEE-868A-44FE-B3FA-F0324A60A827}"
EndProject
Project("{FAE04EC0-301F-11D3-BF4B-00C04F79EFBC}") = "ZeroRoo.Apps.Terminal", "Apps\ZeroRoo.Apps.Terminal\ZeroRoo.Apps.Terminal.csproj", "{87E0CBB4-9313-45DE-8D6F-F47471633F63}"
EndProject
Project("{FAE04EC0-301F-11D3-BF4B-00C04F79EFBC}") = "ZeroRoo.Apps.ChatLine", "Apps\ZeroRoo.Apps.TalkLine\ZeroRoo.Apps.ChatLine.csproj", "{6BB2BEA8-BCB4-43DE-83B0-5DD5380C044F}"
EndProject
Project("{FAE04EC0-301F-11D3-BF4B-00C04F79EFBC}") = "ZeroRoo.Utils", "ZeroRoo.Utils\ZeroRoo.Utils.csproj", "{C36482A3-190B-4E8B-B167-0395FF7CBB66}"
EndProject
Project("{FAE04EC0-301F-11D3-BF4B-00C04F79EFBC}") = "test", "..\..\documents\DSkin\【案例】官网综合案例源码\test - 副本\test.csproj", "{7B6EB342-3764-45E3-A0E9-5CD553525A17}"
EndProject
Project("{FAE04EC0-301F-11D3-BF4B-00C04F79EFBC}") = "ZeroRoo.Apps.PictureViewer", "Apps\ZeroRoo.Apps.PictureViewer\ZeroRoo.Apps.PictureViewer.csproj", "{01A0A067-6F1C-4DF4-8CE0-70F1C51C4448}"
EndProject
Global
	GlobalSection(SolutionConfigurationPlatforms) = preSolution
		Debug|Any CPU = Debug|Any CPU
		Release|Any CPU = Release|Any CPU
	EndGlobalSection
	GlobalSection(ProjectConfigurationPlatforms) = postSolution
		{D1E3B18D-0683-492F-9F0F-4E4EA40F39BD}.Debug|Any CPU.ActiveCfg = Debug|Any CPU
		{D1E3B18D-0683-492F-9F0F-4E4EA40F39BD}.Debug|Any CPU.Build.0 = Debug|Any CPU
		{D1E3B18D-0683-492F-9F0F-4E4EA40F39BD}.Release|Any CPU.ActiveCfg = Release|Any CPU
		{D1E3B18D-0683-492F-9F0F-4E4EA40F39BD}.Release|Any CPU.Build.0 = Release|Any CPU
		{8F7FB58F-389D-467B-B4C5-B5846DB317FB}.Debug|Any CPU.ActiveCfg = Debug|Any CPU
		{8F7FB58F-389D-467B-B4C5-B5846DB317FB}.Debug|Any CPU.Build.0 = Debug|Any CPU
		{8F7FB58F-389D-467B-B4C5-B5846DB317FB}.Release|Any CPU.ActiveCfg = Release|Any CPU
		{8F7FB58F-389D-467B-B4C5-B5846DB317FB}.Release|Any CPU.Build.0 = Release|Any CPU
		{7DE936D5-7654-4842-ADDE-C3B03D0603D0}.Debug|Any CPU.ActiveCfg = Debug|Any CPU
		{7DE936D5-7654-4842-ADDE-C3B03D0603D0}.Debug|Any CPU.Build.0 = Debug|Any CPU
		{7DE936D5-7654-4842-ADDE-C3B03D0603D0}.Release|Any CPU.ActiveCfg = Release|Any CPU
		{7DE936D5-7654-4842-ADDE-C3B03D0603D0}.Release|Any CPU.Build.0 = Release|Any CPU
		{A8F37693-21A7-4440-A10A-AB5E6B5719A7}.Debug|Any CPU.ActiveCfg = Debug|Any CPU
		{A8F37693-21A7-4440-A10A-AB5E6B5719A7}.Debug|Any CPU.Build.0 = Debug|Any CPU
		{A8F37693-21A7-4440-A10A-AB5E6B5719A7}.Release|Any CPU.ActiveCfg = Release|Any CPU
		{A8F37693-21A7-4440-A10A-AB5E6B5719A7}.Release|Any CPU.Build.0 = Release|Any CPU
		{1F2D8A97-01C8-45AF-ADA4-29D139F1F91E}.Debug|Any CPU.ActiveCfg = Debug|Any CPU
		{1F2D8A97-01C8-45AF-ADA4-29D139F1F91E}.Debug|Any CPU.Build.0 = Debug|Any CPU
		{1F2D8A97-01C8-45AF-ADA4-29D139F1F91E}.Release|Any CPU.ActiveCfg = Release|Any CPU
		{1F2D8A97-01C8-45AF-ADA4-29D139F1F91E}.Release|Any CPU.Build.0 = Release|Any CPU
		{D5543D15-A607-4918-8D33-B3B904E009FD}.Debug|Any CPU.ActiveCfg = Debug|Any CPU
		{D5543D15-A607-4918-8D33-B3B904E009FD}.Debug|Any CPU.Build.0 = Debug|Any CPU
		{D5543D15-A607-4918-8D33-B3B904E009FD}.Release|Any CPU.ActiveCfg = Release|Any CPU
		{D5543D15-A607-4918-8D33-B3B904E009FD}.Release|Any CPU.Build.0 = Release|Any CPU
		{4C704B87-1A98-4ABA-BE1B-47503D0AB882}.Debug|Any CPU.ActiveCfg = Debug|Any CPU
		{4C704B87-1A98-4ABA-BE1B-47503D0AB882}.Debug|Any CPU.Build.0 = Debug|Any CPU
		{4C704B87-1A98-4ABA-BE1B-47503D0AB882}.Release|Any CPU.ActiveCfg = Release|Any CPU
		{4C704B87-1A98-4ABA-BE1B-47503D0AB882}.Release|Any CPU.Build.0 = Release|Any CPU
		{5DC576ED-EBB1-446C-AE3B-0120A23535AF}.Debug|Any CPU.ActiveCfg = Debug|Any CPU
		{5DC576ED-EBB1-446C-AE3B-0120A23535AF}.Debug|Any CPU.Build.0 = Debug|Any CPU
		{5DC576ED-EBB1-446C-AE3B-0120A23535AF}.Release|Any CPU.ActiveCfg = Release|Any CPU
		{5DC576ED-EBB1-446C-AE3B-0120A23535AF}.Release|Any CPU.Build.0 = Release|Any CPU
		{94397912-EB0E-41D3-AFB3-A868B791DD81}.Debug|Any CPU.ActiveCfg = Debug|Any CPU
		{94397912-EB0E-41D3-AFB3-A868B791DD81}.Debug|Any CPU.Build.0 = Debug|Any CPU
		{94397912-EB0E-41D3-AFB3-A868B791DD81}.Release|Any CPU.ActiveCfg = Release|Any CPU
		{94397912-EB0E-41D3-AFB3-A868B791DD81}.Release|Any CPU.Build.0 = Release|Any CPU
		{B5452A7F-BCA8-4196-9729-385E7CB7A702}.Debug|Any CPU.ActiveCfg = Debug|Any CPU
		{B5452A7F-BCA8-4196-9729-385E7CB7A702}.Debug|Any CPU.Build.0 = Debug|Any CPU
		{B5452A7F-BCA8-4196-9729-385E7CB7A702}.Release|Any CPU.ActiveCfg = Release|Any CPU
		{B5452A7F-BCA8-4196-9729-385E7CB7A702}.Release|Any CPU.Build.0 = Release|Any CPU
		{7FC5D02B-ADFD-4EE8-9015-B243128A3B40}.Debug|Any CPU.ActiveCfg = Debug|Any CPU
		{7FC5D02B-ADFD-4EE8-9015-B243128A3B40}.Debug|Any CPU.Build.0 = Debug|Any CPU
		{7FC5D02B-ADFD-4EE8-9015-B243128A3B40}.Release|Any CPU.ActiveCfg = Release|Any CPU
		{7FC5D02B-ADFD-4EE8-9015-B243128A3B40}.Release|Any CPU.Build.0 = Release|Any CPU
		{2AE39237-AF64-4A4F-B805-DC0CE1CD21A7}.Debug|Any CPU.ActiveCfg = Debug|Any CPU
		{2AE39237-AF64-4A4F-B805-DC0CE1CD21A7}.Debug|Any CPU.Build.0 = Debug|Any CPU
		{2AE39237-AF64-4A4F-B805-DC0CE1CD21A7}.Release|Any CPU.ActiveCfg = Release|Any CPU
		{2AE39237-AF64-4A4F-B805-DC0CE1CD21A7}.Release|Any CPU.Build.0 = Release|Any CPU
		{A7A1DAE3-B6F5-4BC6-9A47-3A6FB70F365D}.Debug|Any CPU.ActiveCfg = Debug|Any CPU
		{A7A1DAE3-B6F5-4BC6-9A47-3A6FB70F365D}.Debug|Any CPU.Build.0 = Debug|Any CPU
		{A7A1DAE3-B6F5-4BC6-9A47-3A6FB70F365D}.Release|Any CPU.ActiveCfg = Release|Any CPU
		{A7A1DAE3-B6F5-4BC6-9A47-3A6FB70F365D}.Release|Any CPU.Build.0 = Release|Any CPU
		{4644D251-3FD3-4436-9DAF-E60421959368}.Debug|Any CPU.ActiveCfg = Debug|Any CPU
		{4644D251-3FD3-4436-9DAF-E60421959368}.Debug|Any CPU.Build.0 = Debug|Any CPU
		{4644D251-3FD3-4436-9DAF-E60421959368}.Release|Any CPU.ActiveCfg = Release|Any CPU
		{4644D251-3FD3-4436-9DAF-E60421959368}.Release|Any CPU.Build.0 = Release|Any CPU
		{2F6BE12C-387B-454A-83E6-D171BA54F57F}.Debug|Any CPU.ActiveCfg = Debug|Any CPU
		{2F6BE12C-387B-454A-83E6-D171BA54F57F}.Debug|Any CPU.Build.0 = Debug|Any CPU
		{2F6BE12C-387B-454A-83E6-D171BA54F57F}.Release|Any CPU.ActiveCfg = Release|Any CPU
		{2F6BE12C-387B-454A-83E6-D171BA54F57F}.Release|Any CPU.Build.0 = Release|Any CPU
		{38918598-4AEA-40CF-92AA-1B3AB267D4D0}.Debug|Any CPU.ActiveCfg = Debug|Any CPU
		{38918598-4AEA-40CF-92AA-1B3AB267D4D0}.Debug|Any CPU.Build.0 = Debug|Any CPU
		{38918598-4AEA-40CF-92AA-1B3AB267D4D0}.Release|Any CPU.ActiveCfg = Release|Any CPU
		{38918598-4AEA-40CF-92AA-1B3AB267D4D0}.Release|Any CPU.Build.0 = Release|Any CPU
		{483FD45C-8762-45AC-8877-C57130F3BA77}.Debug|Any CPU.ActiveCfg = Debug|Any CPU
		{483FD45C-8762-45AC-8877-C57130F3BA77}.Debug|Any CPU.Build.0 = Debug|Any CPU
		{483FD45C-8762-45AC-8877-C57130F3BA77}.Release|Any CPU.ActiveCfg = Release|Any CPU
		{483FD45C-8762-45AC-8877-C57130F3BA77}.Release|Any CPU.Build.0 = Release|Any CPU
		{FE3F73DC-EAF1-432B-B873-74E325C8A2E5}.Debug|Any CPU.ActiveCfg = Debug|Any CPU
		{FE3F73DC-EAF1-432B-B873-74E325C8A2E5}.Debug|Any CPU.Build.0 = Debug|Any CPU
		{FE3F73DC-EAF1-432B-B873-74E325C8A2E5}.Release|Any CPU.ActiveCfg = Release|Any CPU
		{FE3F73DC-EAF1-432B-B873-74E325C8A2E5}.Release|Any CPU.Build.0 = Release|Any CPU
		{5D8EEE6C-6488-453C-82C8-AA475E89332E}.Debug|Any CPU.ActiveCfg = Debug|Any CPU
		{5D8EEE6C-6488-453C-82C8-AA475E89332E}.Debug|Any CPU.Build.0 = Debug|Any CPU
		{5D8EEE6C-6488-453C-82C8-AA475E89332E}.Release|Any CPU.ActiveCfg = Release|Any CPU
		{5D8EEE6C-6488-453C-82C8-AA475E89332E}.Release|Any CPU.Build.0 = Release|Any CPU
		{7726091B-D454-487C-A6CC-F74F9F6DC05A}.Debug|Any CPU.ActiveCfg = Debug|Any CPU
		{7726091B-D454-487C-A6CC-F74F9F6DC05A}.Debug|Any CPU.Build.0 = Debug|Any CPU
		{7726091B-D454-487C-A6CC-F74F9F6DC05A}.Release|Any CPU.ActiveCfg = Release|Any CPU
		{7726091B-D454-487C-A6CC-F74F9F6DC05A}.Release|Any CPU.Build.0 = Release|Any CPU
		{9DE7AF80-6B34-49D5-8D59-B705618235DF}.Debug|Any CPU.ActiveCfg = Debug|Any CPU
		{9DE7AF80-6B34-49D5-8D59-B705618235DF}.Debug|Any CPU.Build.0 = Debug|Any CPU
		{9DE7AF80-6B34-49D5-8D59-B705618235DF}.Release|Any CPU.ActiveCfg = Release|Any CPU
		{9DE7AF80-6B34-49D5-8D59-B705618235DF}.Release|Any CPU.Build.0 = Release|Any CPU
		{2E307838-E0C9-4CB8-90AE-65C4DB7FC457}.Debug|Any CPU.ActiveCfg = Debug|Any CPU
		{2E307838-E0C9-4CB8-90AE-65C4DB7FC457}.Debug|Any CPU.Build.0 = Debug|Any CPU
		{2E307838-E0C9-4CB8-90AE-65C4DB7FC457}.Release|Any CPU.ActiveCfg = Release|Any CPU
		{2E307838-E0C9-4CB8-90AE-65C4DB7FC457}.Release|Any CPU.Build.0 = Release|Any CPU
		{E6CE54EB-2C80-4DCF-A300-A51D905B660C}.Debug|Any CPU.ActiveCfg = Debug|Any CPU
		{E6CE54EB-2C80-4DCF-A300-A51D905B660C}.Debug|Any CPU.Build.0 = Debug|Any CPU
		{E6CE54EB-2C80-4DCF-A300-A51D905B660C}.Release|Any CPU.ActiveCfg = Release|Any CPU
		{E6CE54EB-2C80-4DCF-A300-A51D905B660C}.Release|Any CPU.Build.0 = Release|Any CPU
		{A59DABCC-737E-4656-B7F1-772D249D6436}.Debug|Any CPU.ActiveCfg = Debug|Any CPU
		{A59DABCC-737E-4656-B7F1-772D249D6436}.Debug|Any CPU.Build.0 = Debug|Any CPU
		{A59DABCC-737E-4656-B7F1-772D249D6436}.Release|Any CPU.ActiveCfg = Release|Any CPU
		{A59DABCC-737E-4656-B7F1-772D249D6436}.Release|Any CPU.Build.0 = Release|Any CPU
		{5477FEFA-6C70-4DE1-AC1C-9983E5B87DC4}.Debug|Any CPU.ActiveCfg = Debug|Any CPU
		{5477FEFA-6C70-4DE1-AC1C-9983E5B87DC4}.Debug|Any CPU.Build.0 = Debug|Any CPU
		{5477FEFA-6C70-4DE1-AC1C-9983E5B87DC4}.Release|Any CPU.ActiveCfg = Release|Any CPU
		{5477FEFA-6C70-4DE1-AC1C-9983E5B87DC4}.Release|Any CPU.Build.0 = Release|Any CPU
		{D5C774A1-1231-4C8F-8F99-50F62640BBCC}.Debug|Any CPU.ActiveCfg = Debug|Any CPU
		{D5C774A1-1231-4C8F-8F99-50F62640BBCC}.Debug|Any CPU.Build.0 = Debug|Any CPU
		{D5C774A1-1231-4C8F-8F99-50F62640BBCC}.Release|Any CPU.ActiveCfg = Release|Any CPU
		{D5C774A1-1231-4C8F-8F99-50F62640BBCC}.Release|Any CPU.Build.0 = Release|Any CPU
		{50C4D456-943B-405E-ADEE-E9314763B7D2}.Debug|Any CPU.ActiveCfg = Debug|Any CPU
		{50C4D456-943B-405E-ADEE-E9314763B7D2}.Debug|Any CPU.Build.0 = Debug|Any CPU
		{50C4D456-943B-405E-ADEE-E9314763B7D2}.Release|Any CPU.ActiveCfg = Release|Any CPU
		{50C4D456-943B-405E-ADEE-E9314763B7D2}.Release|Any CPU.Build.0 = Release|Any CPU
		{882F151C-7954-4B3A-B4B0-51C8A6FF9006}.Debug|Any CPU.ActiveCfg = Debug|Any CPU
		{882F151C-7954-4B3A-B4B0-51C8A6FF9006}.Debug|Any CPU.Build.0 = Debug|Any CPU
		{882F151C-7954-4B3A-B4B0-51C8A6FF9006}.Release|Any CPU.ActiveCfg = Release|Any CPU
		{882F151C-7954-4B3A-B4B0-51C8A6FF9006}.Release|Any CPU.Build.0 = Release|Any CPU
		{30901453-6F8E-460A-B21F-18C14DD1847E}.Debug|Any CPU.ActiveCfg = Debug|Any CPU
		{30901453-6F8E-460A-B21F-18C14DD1847E}.Debug|Any CPU.Build.0 = Debug|Any CPU
		{30901453-6F8E-460A-B21F-18C14DD1847E}.Release|Any CPU.ActiveCfg = Release|Any CPU
		{30901453-6F8E-460A-B21F-18C14DD1847E}.Release|Any CPU.Build.0 = Release|Any CPU
		{DEE7D89A-F7FC-44F4-8773-9A13DE159CD1}.Debug|Any CPU.ActiveCfg = Debug|Any CPU
		{DEE7D89A-F7FC-44F4-8773-9A13DE159CD1}.Debug|Any CPU.Build.0 = Debug|Any CPU
		{DEE7D89A-F7FC-44F4-8773-9A13DE159CD1}.Release|Any CPU.ActiveCfg = Release|Any CPU
		{DEE7D89A-F7FC-44F4-8773-9A13DE159CD1}.Release|Any CPU.Build.0 = Release|Any CPU
		{9A5B0F0E-08F1-49C7-AAFC-27FDB74640CC}.Debug|Any CPU.ActiveCfg = Debug|Any CPU
		{9A5B0F0E-08F1-49C7-AAFC-27FDB74640CC}.Debug|Any CPU.Build.0 = Debug|Any CPU
		{9A5B0F0E-08F1-49C7-AAFC-27FDB74640CC}.Release|Any CPU.ActiveCfg = Release|Any CPU
		{9A5B0F0E-08F1-49C7-AAFC-27FDB74640CC}.Release|Any CPU.Build.0 = Release|Any CPU
		{F4739E48-0647-47C4-AAAA-1691FBA0B1D1}.Debug|Any CPU.ActiveCfg = Debug|Any CPU
		{F4739E48-0647-47C4-AAAA-1691FBA0B1D1}.Debug|Any CPU.Build.0 = Debug|Any CPU
		{F4739E48-0647-47C4-AAAA-1691FBA0B1D1}.Release|Any CPU.ActiveCfg = Release|Any CPU
		{F4739E48-0647-47C4-AAAA-1691FBA0B1D1}.Release|Any CPU.Build.0 = Release|Any CPU
		{39F8EBEE-868A-44FE-B3FA-F0324A60A827}.Debug|Any CPU.ActiveCfg = Debug|Any CPU
		{39F8EBEE-868A-44FE-B3FA-F0324A60A827}.Debug|Any CPU.Build.0 = Debug|Any CPU
		{39F8EBEE-868A-44FE-B3FA-F0324A60A827}.Release|Any CPU.ActiveCfg = Release|Any CPU
		{39F8EBEE-868A-44FE-B3FA-F0324A60A827}.Release|Any CPU.Build.0 = Release|Any CPU
		{87E0CBB4-9313-45DE-8D6F-F47471633F63}.Debug|Any CPU.ActiveCfg = Debug|Any CPU
		{87E0CBB4-9313-45DE-8D6F-F47471633F63}.Debug|Any CPU.Build.0 = Debug|Any CPU
		{87E0CBB4-9313-45DE-8D6F-F47471633F63}.Release|Any CPU.ActiveCfg = Release|Any CPU
		{87E0CBB4-9313-45DE-8D6F-F47471633F63}.Release|Any CPU.Build.0 = Release|Any CPU
		{6BB2BEA8-BCB4-43DE-83B0-5DD5380C044F}.Debug|Any CPU.ActiveCfg = Debug|Any CPU
		{6BB2BEA8-BCB4-43DE-83B0-5DD5380C044F}.Debug|Any CPU.Build.0 = Debug|Any CPU
		{6BB2BEA8-BCB4-43DE-83B0-5DD5380C044F}.Release|Any CPU.ActiveCfg = Release|Any CPU
		{6BB2BEA8-BCB4-43DE-83B0-5DD5380C044F}.Release|Any CPU.Build.0 = Release|Any CPU
		{C36482A3-190B-4E8B-B167-0395FF7CBB66}.Debug|Any CPU.ActiveCfg = Debug|Any CPU
		{C36482A3-190B-4E8B-B167-0395FF7CBB66}.Debug|Any CPU.Build.0 = Debug|Any CPU
		{C36482A3-190B-4E8B-B167-0395FF7CBB66}.Release|Any CPU.ActiveCfg = Release|Any CPU
		{C36482A3-190B-4E8B-B167-0395FF7CBB66}.Release|Any CPU.Build.0 = Release|Any CPU
		{7B6EB342-3764-45E3-A0E9-5CD553525A17}.Debug|Any CPU.ActiveCfg = Debug|Any CPU
		{7B6EB342-3764-45E3-A0E9-5CD553525A17}.Debug|Any CPU.Build.0 = Debug|Any CPU
		{7B6EB342-3764-45E3-A0E9-5CD553525A17}.Release|Any CPU.ActiveCfg = Release|Any CPU
		{7B6EB342-3764-45E3-A0E9-5CD553525A17}.Release|Any CPU.Build.0 = Release|Any CPU
		{01A0A067-6F1C-4DF4-8CE0-70F1C51C4448}.Debug|Any CPU.ActiveCfg = Debug|Any CPU
		{01A0A067-6F1C-4DF4-8CE0-70F1C51C4448}.Debug|Any CPU.Build.0 = Debug|Any CPU
		{01A0A067-6F1C-4DF4-8CE0-70F1C51C4448}.Release|Any CPU.ActiveCfg = Release|Any CPU
		{01A0A067-6F1C-4DF4-8CE0-70F1C51C4448}.Release|Any CPU.Build.0 = Release|Any CPU
	EndGlobalSection
	GlobalSection(SolutionProperties) = preSolution
		HideSolutionNode = FALSE
	EndGlobalSection
	GlobalSection(NestedProjects) = preSolution
		{94397912-EB0E-41D3-AFB3-A868B791DD81} = {B45AA023-7F8E-47B7-B20B-E2623C586A38}
		{B5452A7F-BCA8-4196-9729-385E7CB7A702} = {B45AA023-7F8E-47B7-B20B-E2623C586A38}
		{7FC5D02B-ADFD-4EE8-9015-B243128A3B40} = {B45AA023-7F8E-47B7-B20B-E2623C586A38}
		{2AE39237-AF64-4A4F-B805-DC0CE1CD21A7} = {B45AA023-7F8E-47B7-B20B-E2623C586A38}
		{A7A1DAE3-B6F5-4BC6-9A47-3A6FB70F365D} = {B45AA023-7F8E-47B7-B20B-E2623C586A38}
		{4644D251-3FD3-4436-9DAF-E60421959368} = {B45AA023-7F8E-47B7-B20B-E2623C586A38}
		{2F6BE12C-387B-454A-83E6-D171BA54F57F} = {3AFCD893-106D-4765-B2CD-B7832FFA3F31}
		{38918598-4AEA-40CF-92AA-1B3AB267D4D0} = {3AFCD893-106D-4765-B2CD-B7832FFA3F31}
		{483FD45C-8762-45AC-8877-C57130F3BA77} = {3AFCD893-106D-4765-B2CD-B7832FFA3F31}
		{FE3F73DC-EAF1-432B-B873-74E325C8A2E5} = {3AFCD893-106D-4765-B2CD-B7832FFA3F31}
		{5D8EEE6C-6488-453C-82C8-AA475E89332E} = {3AFCD893-106D-4765-B2CD-B7832FFA3F31}
		{7726091B-D454-487C-A6CC-F74F9F6DC05A} = {3AFCD893-106D-4765-B2CD-B7832FFA3F31}
		{9DE7AF80-6B34-49D5-8D59-B705618235DF} = {3AFCD893-106D-4765-B2CD-B7832FFA3F31}
		{2E307838-E0C9-4CB8-90AE-65C4DB7FC457} = {3AFCD893-106D-4765-B2CD-B7832FFA3F31}
		{E6CE54EB-2C80-4DCF-A300-A51D905B660C} = {19F90079-9154-4E0E-B45A-1AF899E3818D}
		{A59DABCC-737E-4656-B7F1-772D249D6436} = {19F90079-9154-4E0E-B45A-1AF899E3818D}
		{9A5B0F0E-08F1-49C7-AAFC-27FDB74640CC} = {3AFCD893-106D-4765-B2CD-B7832FFA3F31}
		{F4739E48-0647-47C4-AAAA-1691FBA0B1D1} = {3AFCD893-106D-4765-B2CD-B7832FFA3F31}
		{39F8EBEE-868A-44FE-B3FA-F0324A60A827} = {3AFCD893-106D-4765-B2CD-B7832FFA3F31}
		{87E0CBB4-9313-45DE-8D6F-F47471633F63} = {3AFCD893-106D-4765-B2CD-B7832FFA3F31}
		{6BB2BEA8-BCB4-43DE-83B0-5DD5380C044F} = {3AFCD893-106D-4765-B2CD-B7832FFA3F31}
		{01A0A067-6F1C-4DF4-8CE0-70F1C51C4448} = {3AFCD893-106D-4765-B2CD-B7832FFA3F31}
	EndGlobalSection
EndGlobal
