
Microsoft Visual Studio Solution File, Format Version 12.00
# Visual Studio 15
VisualStudioVersion = 15.0.26730.3
MinimumVisualStudioVersion = 10.0.40219.1
Project("{FAE04EC0-301F-11D3-BF4B-00C04F79EFBC}") = "ZeroRoo", "ZeroRoo\ZeroRoo.csproj", "{D1E3B18D-0683-492F-9F0F-4E4EA40F39BD}"
EndProject
Project("{FAE04EC0-301F-11D3-BF4B-00C04F79EFBC}") = "ZeroRoo.Launcher", "ZeroRoo.Launcher\ZeroRoo.Launcher.csproj", "{8F7FB58F-389D-467B-B4C5-B5846DB317FB}"
EndProject
Project("{FAE04EC0-301F-11D3-BF4B-00C04F79EFBC}") = "ZeroRoo.Commands", "ZeroRoo.Command\ZeroRoo.Commands.csproj", "{A8F37693-21A7-4440-A10A-AB5E6B5719A7}"
EndProject
Project("{FAE04EC0-301F-11D3-BF4B-00C04F79EFBC}") = "ZeroRoo.Docker", "ZeroRoo.Docker\ZeroRoo.Docker.csproj", "{1F2D8A97-01C8-45AF-ADA4-29D139F1F91E}"
EndProject
Project("{2150E333-8FDC-42A3-9474-1A3956D46DE8}") = "Apps", "Apps", "{3AFCD893-106D-4765-B2CD-B7832FFA3F31}"
EndProject
Project("{FAE04EC0-301F-11D3-BF4B-00C04F79EFBC}") = "ZeroRoo.Terminal", "ZeroRoo.Terminal\ZeroRoo.Terminal.csproj", "{D5C774A1-1231-4C8F-8F99-50F62640BBCC}"
EndProject
Project("{FAE04EC0-301F-11D3-BF4B-00C04F79EFBC}") = "ZeroRoo.Laughing", "ZeroRoo.Laugh\ZeroRoo.Laughing.csproj", "{50C4D456-943B-405E-ADEE-E9314763B7D2}"
EndProject
Project("{FAE04EC0-301F-11D3-BF4B-00C04F79EFBC}") = "ZUnitTestProject", "UnitTestProject\ZUnitTestProject.csproj", "{882F151C-7954-4B3A-B4B0-51C8A6FF9006}"
EndProject
Project("{FAE04EC0-301F-11D3-BF4B-00C04F79EFBC}") = "ZeroRoo.Terminal.Core", "ZeroRoo.Terminal.Core\ZeroRoo.Terminal.Core.csproj", "{30901453-6F8E-460A-B21F-18C14DD1847E}"
EndProject
Project("{FAE04EC0-301F-11D3-BF4B-00C04F79EFBC}") = "ZeroRoo.Commands.TestConsole", "ZeroRoo.Commands.TestConsole\ZeroRoo.Commands.TestConsole.csproj", "{DEE7D89A-F7FC-44F4-8773-9A13DE159CD1}"
EndProject
Project("{FAE04EC0-301F-11D3-BF4B-00C04F79EFBC}") = "ZeroRoo.Apps.TaskManager", "Apps\ZeroRoo.Apps.TaskManager\ZeroRoo.Apps.TaskManager.csproj", "{9A5B0F0E-08F1-49C7-AAFC-27FDB74640CC}"
EndProject
Project("{FAE04EC0-301F-11D3-BF4B-00C04F79EFBC}") = "ZeroRoo.Apps.AppStore", "Apps\ZeroRoo.Apps.AppStore\ZeroRoo.Apps.AppStore.csproj", "{F4739E48-0647-47C4-AAAA-1691FBA0B1D1}"
EndProject
Project("{FAE04EC0-301F-11D3-BF4B-00C04F79EFBC}") = "ZeroRoo.Apps.AppFinder", "Apps\ZeroRoo.Apps.AppFinder\ZeroRoo.Apps.AppFinder.csproj", "{39F8EBEE-868A-44FE-B3FA-F0324A60A827}"
EndProject
Project("{FAE04EC0-301F-11D3-BF4B-00C04F79EFBC}") = "ZeroRoo.Apps.Terminal", "Apps\ZeroRoo.Apps.Terminal\ZeroRoo.Apps.Terminal.csproj", "{87E0CBB4-9313-45DE-8D6F-F47471633F63}"
EndProject
Project("{FAE04EC0-301F-11D3-BF4B-00C04F79EFBC}") = "ZeroRoo.Apps.ChatLine", "Apps\ZeroRoo.Apps.TalkLine\ZeroRoo.Apps.ChatLine.csproj", "{6BB2BEA8-BCB4-43DE-83B0-5DD5380C044F}"
EndProject
Project("{FAE04EC0-301F-11D3-BF4B-00C04F79EFBC}") = "ZeroRoo.Utils", "ZeroRoo.Utils\ZeroRoo.Utils.csproj", "{C36482A3-190B-4E8B-B167-0395FF7CBB66}"
EndProject
Project("{FAE04EC0-301F-11D3-BF4B-00C04F79EFBC}") = "ZeroRoo.Apps.PictureViewer", "Apps\ZeroRoo.Apps.PictureViewer\ZeroRoo.Apps.PictureViewer.csproj", "{01A0A067-6F1C-4DF4-8CE0-70F1C51C4448}"
EndProject
Project("{FAE04EC0-301F-11D3-BF4B-00C04F79EFBC}") = "ZeroRoo.Apps.Abstractions", "ZeroRoo.Apps.Abstractions\ZeroRoo.Apps.Abstractions.csproj", "{25BB5974-8E72-4B23-BA31-4D51FA620195}"
EndProject
Project("{FAE04EC0-301F-11D3-BF4B-00C04F79EFBC}") = "ZeroRoo.Apps", "ZeroRoo.Apps\ZeroRoo.Apps.csproj", "{3D7EFC12-0D9A-4D6A-B2E4-E51EDB27333B}"
EndProject
Project("{FAE04EC0-301F-11D3-BF4B-00C04F79EFBC}") = "ZeroRoo.Parser.Yaml", "ZeroRoo.Parser.Yaml\ZeroRoo.Parser.Yaml.csproj", "{06A97DD3-73D9-413B-A4A4-0CDC4EE0C6A5}"
EndProject
Project("{FAE04EC0-301F-11D3-BF4B-00C04F79EFBC}") = "ZeroRoo.Events", "ZeroRoo.Events\ZeroRoo.Events.csproj", "{E7C3E6B0-9591-42D6-B7DB-AFF0DC334A95}"
EndProject
Project("{FAE04EC0-301F-11D3-BF4B-00C04F79EFBC}") = "ZeroRoo.DevClient", "ZeroRoo.DevClient\ZeroRoo.DevClient.csproj", "{0AC84FDF-A9CF-4A43-BC23-C392240642EA}"
EndProject
Project("{FAE04EC0-301F-11D3-BF4B-00C04F79EFBC}") = "ZeroRoo.DevClient.RemoteClientConsole", "ZeroRoo.DevClient.RemoteClientConsole\ZeroRoo.DevClient.RemoteClientConsole.csproj", "{EE6B62AF-CF06-4F18-9B0A-89DCFAC8B01D}"
EndProject
Project("{FAE04EC0-301F-11D3-BF4B-00C04F79EFBC}") = "ZeroRoo.Apps.Laundry", "Apps\ZeroRoo.Apps.Laundry\ZeroRoo.Apps.Laundry.csproj", "{150C9D43-0730-4BCA-AA75-E7891353D460}"
EndProject
Project("{FAE04EC0-301F-11D3-BF4B-00C04F79EFBC}") = "Sample1", "Apps\Sample1\Sample1.csproj", "{AA224272-D168-489F-8F2B-4AC9E980BB6B}"
EndProject
Project("{2150E333-8FDC-42A3-9474-1A3956D46DE8}") = "AppLoaderSomething", "AppLoaderSomething", "{02494A1D-3369-4236-9757-22111F5CB1B0}"
EndProject
Project("{FAE04EC0-301F-11D3-BF4B-00C04F79EFBC}") = "AssemblyLoader", "AppLoaderSomething\AssemblyLoader\AssemblyLoader.csproj", "{6619FA0E-1B90-461A-AFAE-A0ED743CF74D}"
EndProject
Project("{FAE04EC0-301F-11D3-BF4B-00C04F79EFBC}") = "UnitTestProject1", "AppLoaderSomething\UnitTestProject1\UnitTestProject1.csproj", "{B8A051A1-C1B3-40B6-8FCB-B93C39FFE5FA}"
EndProject
Project("{FAE04EC0-301F-11D3-BF4B-00C04F79EFBC}") = "AppDemo1", "AppLoaderSomething\AppDemo1\AppDemo1.csproj", "{416D6C0D-0F71-48D6-9219-A6CEB86116F9}"
EndProject
Project("{FAE04EC0-301F-11D3-BF4B-00C04F79EFBC}") = "ZeroRoo.Docker.Navigation", "ZeroRoo.Docker.Navigation\ZeroRoo.Docker.Navigation.csproj", "{929DA311-2AFD-4B7D-8017-DE99136E559E}"
EndProject
Project("{FAE04EC0-301F-11D3-BF4B-00C04F79EFBC}") = "Sample2", "AppLoaderSomething\Sample2\Sample2.csproj", "{362A5F01-EFE7-4B05-A733-4A074BA60FB1}"
EndProject
Project("{FAE04EC0-301F-11D3-BF4B-00C04F79EFBC}") = "ZeroRoo.Desktop", "ZeroRoo.Desktop\ZeroRoo.Desktop.csproj", "{5124D023-C1AC-41F1-A271-8270696142F5}"
EndProject
Project("{FAE04EC0-301F-11D3-BF4B-00C04F79EFBC}") = "ZeroRoo.Laundry15", "ZeroRoo.Laundry15\ZeroRoo.Laundry15.csproj", "{83C82FD6-6C8F-45DF-A44C-C114714E421B}"
EndProject
Project("{FAE04EC0-301F-11D3-BF4B-00C04F79EFBC}") = "ZeroRoo.Laundry15.Printing", "ZeroRoo.Laundry15.Printing\ZeroRoo.Laundry15.Printing.csproj", "{99920F1A-B87C-4751-A6A7-2389B1B0E83A}"
EndProject
Global
	GlobalSection(SolutionConfigurationPlatforms) = preSolution
		Debug|Any CPU = Debug|Any CPU
		Debug|x64 = Debug|x64
		Release|Any CPU = Release|Any CPU
		Release|x64 = Release|x64
	EndGlobalSection
	GlobalSection(ProjectConfigurationPlatforms) = postSolution
		{D1E3B18D-0683-492F-9F0F-4E4EA40F39BD}.Debug|Any CPU.ActiveCfg = Debug|Any CPU
		{D1E3B18D-0683-492F-9F0F-4E4EA40F39BD}.Debug|Any CPU.Build.0 = Debug|Any CPU
		{D1E3B18D-0683-492F-9F0F-4E4EA40F39BD}.Debug|x64.ActiveCfg = Debug|Any CPU
		{D1E3B18D-0683-492F-9F0F-4E4EA40F39BD}.Debug|x64.Build.0 = Debug|Any CPU
		{D1E3B18D-0683-492F-9F0F-4E4EA40F39BD}.Release|Any CPU.ActiveCfg = Release|Any CPU
		{D1E3B18D-0683-492F-9F0F-4E4EA40F39BD}.Release|Any CPU.Build.0 = Release|Any CPU
		{D1E3B18D-0683-492F-9F0F-4E4EA40F39BD}.Release|x64.ActiveCfg = Release|Any CPU
		{D1E3B18D-0683-492F-9F0F-4E4EA40F39BD}.Release|x64.Build.0 = Release|Any CPU
		{8F7FB58F-389D-467B-B4C5-B5846DB317FB}.Debug|Any CPU.ActiveCfg = Debug|Any CPU
		{8F7FB58F-389D-467B-B4C5-B5846DB317FB}.Debug|Any CPU.Build.0 = Debug|Any CPU
		{8F7FB58F-389D-467B-B4C5-B5846DB317FB}.Debug|x64.ActiveCfg = Debug|Any CPU
		{8F7FB58F-389D-467B-B4C5-B5846DB317FB}.Debug|x64.Build.0 = Debug|Any CPU
		{8F7FB58F-389D-467B-B4C5-B5846DB317FB}.Release|Any CPU.ActiveCfg = Release|Any CPU
		{8F7FB58F-389D-467B-B4C5-B5846DB317FB}.Release|Any CPU.Build.0 = Release|Any CPU
		{8F7FB58F-389D-467B-B4C5-B5846DB317FB}.Release|x64.ActiveCfg = Release|Any CPU
		{8F7FB58F-389D-467B-B4C5-B5846DB317FB}.Release|x64.Build.0 = Release|Any CPU
		{A8F37693-21A7-4440-A10A-AB5E6B5719A7}.Debug|Any CPU.ActiveCfg = Debug|Any CPU
		{A8F37693-21A7-4440-A10A-AB5E6B5719A7}.Debug|Any CPU.Build.0 = Debug|Any CPU
		{A8F37693-21A7-4440-A10A-AB5E6B5719A7}.Debug|x64.ActiveCfg = Debug|Any CPU
		{A8F37693-21A7-4440-A10A-AB5E6B5719A7}.Debug|x64.Build.0 = Debug|Any CPU
		{A8F37693-21A7-4440-A10A-AB5E6B5719A7}.Release|Any CPU.ActiveCfg = Release|Any CPU
		{A8F37693-21A7-4440-A10A-AB5E6B5719A7}.Release|Any CPU.Build.0 = Release|Any CPU
		{A8F37693-21A7-4440-A10A-AB5E6B5719A7}.Release|x64.ActiveCfg = Release|Any CPU
		{A8F37693-21A7-4440-A10A-AB5E6B5719A7}.Release|x64.Build.0 = Release|Any CPU
		{1F2D8A97-01C8-45AF-ADA4-29D139F1F91E}.Debug|Any CPU.ActiveCfg = Debug|Any CPU
		{1F2D8A97-01C8-45AF-ADA4-29D139F1F91E}.Debug|Any CPU.Build.0 = Debug|Any CPU
		{1F2D8A97-01C8-45AF-ADA4-29D139F1F91E}.Debug|x64.ActiveCfg = Debug|x64
		{1F2D8A97-01C8-45AF-ADA4-29D139F1F91E}.Debug|x64.Build.0 = Debug|x64
		{1F2D8A97-01C8-45AF-ADA4-29D139F1F91E}.Release|Any CPU.ActiveCfg = Release|Any CPU
		{1F2D8A97-01C8-45AF-ADA4-29D139F1F91E}.Release|Any CPU.Build.0 = Release|Any CPU
		{1F2D8A97-01C8-45AF-ADA4-29D139F1F91E}.Release|x64.ActiveCfg = Release|x64
		{1F2D8A97-01C8-45AF-ADA4-29D139F1F91E}.Release|x64.Build.0 = Release|x64
		{D5C774A1-1231-4C8F-8F99-50F62640BBCC}.Debug|Any CPU.ActiveCfg = Debug|Any CPU
		{D5C774A1-1231-4C8F-8F99-50F62640BBCC}.Debug|Any CPU.Build.0 = Debug|Any CPU
		{D5C774A1-1231-4C8F-8F99-50F62640BBCC}.Debug|x64.ActiveCfg = Debug|Any CPU
		{D5C774A1-1231-4C8F-8F99-50F62640BBCC}.Debug|x64.Build.0 = Debug|Any CPU
		{D5C774A1-1231-4C8F-8F99-50F62640BBCC}.Release|Any CPU.ActiveCfg = Release|Any CPU
		{D5C774A1-1231-4C8F-8F99-50F62640BBCC}.Release|Any CPU.Build.0 = Release|Any CPU
		{D5C774A1-1231-4C8F-8F99-50F62640BBCC}.Release|x64.ActiveCfg = Release|Any CPU
		{D5C774A1-1231-4C8F-8F99-50F62640BBCC}.Release|x64.Build.0 = Release|Any CPU
		{50C4D456-943B-405E-ADEE-E9314763B7D2}.Debug|Any CPU.ActiveCfg = Debug|Any CPU
		{50C4D456-943B-405E-ADEE-E9314763B7D2}.Debug|Any CPU.Build.0 = Debug|Any CPU
		{50C4D456-943B-405E-ADEE-E9314763B7D2}.Debug|x64.ActiveCfg = Debug|Any CPU
		{50C4D456-943B-405E-ADEE-E9314763B7D2}.Debug|x64.Build.0 = Debug|Any CPU
		{50C4D456-943B-405E-ADEE-E9314763B7D2}.Release|Any CPU.ActiveCfg = Release|Any CPU
		{50C4D456-943B-405E-ADEE-E9314763B7D2}.Release|Any CPU.Build.0 = Release|Any CPU
		{50C4D456-943B-405E-ADEE-E9314763B7D2}.Release|x64.ActiveCfg = Release|Any CPU
		{50C4D456-943B-405E-ADEE-E9314763B7D2}.Release|x64.Build.0 = Release|Any CPU
		{882F151C-7954-4B3A-B4B0-51C8A6FF9006}.Debug|Any CPU.ActiveCfg = Debug|Any CPU
		{882F151C-7954-4B3A-B4B0-51C8A6FF9006}.Debug|Any CPU.Build.0 = Debug|Any CPU
		{882F151C-7954-4B3A-B4B0-51C8A6FF9006}.Debug|x64.ActiveCfg = Debug|Any CPU
		{882F151C-7954-4B3A-B4B0-51C8A6FF9006}.Debug|x64.Build.0 = Debug|Any CPU
		{882F151C-7954-4B3A-B4B0-51C8A6FF9006}.Release|Any CPU.ActiveCfg = Release|Any CPU
		{882F151C-7954-4B3A-B4B0-51C8A6FF9006}.Release|Any CPU.Build.0 = Release|Any CPU
		{882F151C-7954-4B3A-B4B0-51C8A6FF9006}.Release|x64.ActiveCfg = Release|Any CPU
		{882F151C-7954-4B3A-B4B0-51C8A6FF9006}.Release|x64.Build.0 = Release|Any CPU
		{30901453-6F8E-460A-B21F-18C14DD1847E}.Debug|Any CPU.ActiveCfg = Debug|Any CPU
		{30901453-6F8E-460A-B21F-18C14DD1847E}.Debug|Any CPU.Build.0 = Debug|Any CPU
		{30901453-6F8E-460A-B21F-18C14DD1847E}.Debug|x64.ActiveCfg = Debug|Any CPU
		{30901453-6F8E-460A-B21F-18C14DD1847E}.Debug|x64.Build.0 = Debug|Any CPU
		{30901453-6F8E-460A-B21F-18C14DD1847E}.Release|Any CPU.ActiveCfg = Release|Any CPU
		{30901453-6F8E-460A-B21F-18C14DD1847E}.Release|Any CPU.Build.0 = Release|Any CPU
		{30901453-6F8E-460A-B21F-18C14DD1847E}.Release|x64.ActiveCfg = Release|Any CPU
		{30901453-6F8E-460A-B21F-18C14DD1847E}.Release|x64.Build.0 = Release|Any CPU
		{DEE7D89A-F7FC-44F4-8773-9A13DE159CD1}.Debug|Any CPU.ActiveCfg = Debug|Any CPU
		{DEE7D89A-F7FC-44F4-8773-9A13DE159CD1}.Debug|Any CPU.Build.0 = Debug|Any CPU
		{DEE7D89A-F7FC-44F4-8773-9A13DE159CD1}.Debug|x64.ActiveCfg = Debug|Any CPU
		{DEE7D89A-F7FC-44F4-8773-9A13DE159CD1}.Debug|x64.Build.0 = Debug|Any CPU
		{DEE7D89A-F7FC-44F4-8773-9A13DE159CD1}.Release|Any CPU.ActiveCfg = Release|Any CPU
		{DEE7D89A-F7FC-44F4-8773-9A13DE159CD1}.Release|Any CPU.Build.0 = Release|Any CPU
		{DEE7D89A-F7FC-44F4-8773-9A13DE159CD1}.Release|x64.ActiveCfg = Release|Any CPU
		{DEE7D89A-F7FC-44F4-8773-9A13DE159CD1}.Release|x64.Build.0 = Release|Any CPU
		{9A5B0F0E-08F1-49C7-AAFC-27FDB74640CC}.Debug|Any CPU.ActiveCfg = Debug|Any CPU
		{9A5B0F0E-08F1-49C7-AAFC-27FDB74640CC}.Debug|Any CPU.Build.0 = Debug|Any CPU
		{9A5B0F0E-08F1-49C7-AAFC-27FDB74640CC}.Debug|x64.ActiveCfg = Debug|Any CPU
		{9A5B0F0E-08F1-49C7-AAFC-27FDB74640CC}.Debug|x64.Build.0 = Debug|Any CPU
		{9A5B0F0E-08F1-49C7-AAFC-27FDB74640CC}.Release|Any CPU.ActiveCfg = Release|Any CPU
		{9A5B0F0E-08F1-49C7-AAFC-27FDB74640CC}.Release|Any CPU.Build.0 = Release|Any CPU
		{9A5B0F0E-08F1-49C7-AAFC-27FDB74640CC}.Release|x64.ActiveCfg = Release|Any CPU
		{9A5B0F0E-08F1-49C7-AAFC-27FDB74640CC}.Release|x64.Build.0 = Release|Any CPU
		{F4739E48-0647-47C4-AAAA-1691FBA0B1D1}.Debug|Any CPU.ActiveCfg = Debug|Any CPU
		{F4739E48-0647-47C4-AAAA-1691FBA0B1D1}.Debug|Any CPU.Build.0 = Debug|Any CPU
		{F4739E48-0647-47C4-AAAA-1691FBA0B1D1}.Debug|x64.ActiveCfg = Debug|Any CPU
		{F4739E48-0647-47C4-AAAA-1691FBA0B1D1}.Debug|x64.Build.0 = Debug|Any CPU
		{F4739E48-0647-47C4-AAAA-1691FBA0B1D1}.Release|Any CPU.ActiveCfg = Release|Any CPU
		{F4739E48-0647-47C4-AAAA-1691FBA0B1D1}.Release|Any CPU.Build.0 = Release|Any CPU
		{F4739E48-0647-47C4-AAAA-1691FBA0B1D1}.Release|x64.ActiveCfg = Release|Any CPU
		{F4739E48-0647-47C4-AAAA-1691FBA0B1D1}.Release|x64.Build.0 = Release|Any CPU
		{39F8EBEE-868A-44FE-B3FA-F0324A60A827}.Debug|Any CPU.ActiveCfg = Debug|Any CPU
		{39F8EBEE-868A-44FE-B3FA-F0324A60A827}.Debug|Any CPU.Build.0 = Debug|Any CPU
		{39F8EBEE-868A-44FE-B3FA-F0324A60A827}.Debug|x64.ActiveCfg = Debug|Any CPU
		{39F8EBEE-868A-44FE-B3FA-F0324A60A827}.Debug|x64.Build.0 = Debug|Any CPU
		{39F8EBEE-868A-44FE-B3FA-F0324A60A827}.Release|Any CPU.ActiveCfg = Release|Any CPU
		{39F8EBEE-868A-44FE-B3FA-F0324A60A827}.Release|Any CPU.Build.0 = Release|Any CPU
		{39F8EBEE-868A-44FE-B3FA-F0324A60A827}.Release|x64.ActiveCfg = Release|Any CPU
		{39F8EBEE-868A-44FE-B3FA-F0324A60A827}.Release|x64.Build.0 = Release|Any CPU
		{87E0CBB4-9313-45DE-8D6F-F47471633F63}.Debug|Any CPU.ActiveCfg = Debug|Any CPU
		{87E0CBB4-9313-45DE-8D6F-F47471633F63}.Debug|Any CPU.Build.0 = Debug|Any CPU
		{87E0CBB4-9313-45DE-8D6F-F47471633F63}.Debug|x64.ActiveCfg = Debug|Any CPU
		{87E0CBB4-9313-45DE-8D6F-F47471633F63}.Debug|x64.Build.0 = Debug|Any CPU
		{87E0CBB4-9313-45DE-8D6F-F47471633F63}.Release|Any CPU.ActiveCfg = Release|Any CPU
		{87E0CBB4-9313-45DE-8D6F-F47471633F63}.Release|Any CPU.Build.0 = Release|Any CPU
		{87E0CBB4-9313-45DE-8D6F-F47471633F63}.Release|x64.ActiveCfg = Release|Any CPU
		{87E0CBB4-9313-45DE-8D6F-F47471633F63}.Release|x64.Build.0 = Release|Any CPU
		{6BB2BEA8-BCB4-43DE-83B0-5DD5380C044F}.Debug|Any CPU.ActiveCfg = Debug|Any CPU
		{6BB2BEA8-BCB4-43DE-83B0-5DD5380C044F}.Debug|Any CPU.Build.0 = Debug|Any CPU
		{6BB2BEA8-BCB4-43DE-83B0-5DD5380C044F}.Debug|x64.ActiveCfg = Debug|Any CPU
		{6BB2BEA8-BCB4-43DE-83B0-5DD5380C044F}.Debug|x64.Build.0 = Debug|Any CPU
		{6BB2BEA8-BCB4-43DE-83B0-5DD5380C044F}.Release|Any CPU.ActiveCfg = Release|Any CPU
		{6BB2BEA8-BCB4-43DE-83B0-5DD5380C044F}.Release|Any CPU.Build.0 = Release|Any CPU
		{6BB2BEA8-BCB4-43DE-83B0-5DD5380C044F}.Release|x64.ActiveCfg = Release|Any CPU
		{6BB2BEA8-BCB4-43DE-83B0-5DD5380C044F}.Release|x64.Build.0 = Release|Any CPU
		{C36482A3-190B-4E8B-B167-0395FF7CBB66}.Debug|Any CPU.ActiveCfg = Debug|Any CPU
		{C36482A3-190B-4E8B-B167-0395FF7CBB66}.Debug|Any CPU.Build.0 = Debug|Any CPU
		{C36482A3-190B-4E8B-B167-0395FF7CBB66}.Debug|x64.ActiveCfg = Debug|Any CPU
		{C36482A3-190B-4E8B-B167-0395FF7CBB66}.Debug|x64.Build.0 = Debug|Any CPU
		{C36482A3-190B-4E8B-B167-0395FF7CBB66}.Release|Any CPU.ActiveCfg = Release|Any CPU
		{C36482A3-190B-4E8B-B167-0395FF7CBB66}.Release|Any CPU.Build.0 = Release|Any CPU
		{C36482A3-190B-4E8B-B167-0395FF7CBB66}.Release|x64.ActiveCfg = Release|Any CPU
		{C36482A3-190B-4E8B-B167-0395FF7CBB66}.Release|x64.Build.0 = Release|Any CPU
		{01A0A067-6F1C-4DF4-8CE0-70F1C51C4448}.Debug|Any CPU.ActiveCfg = Debug|Any CPU
		{01A0A067-6F1C-4DF4-8CE0-70F1C51C4448}.Debug|Any CPU.Build.0 = Debug|Any CPU
		{01A0A067-6F1C-4DF4-8CE0-70F1C51C4448}.Debug|x64.ActiveCfg = Debug|Any CPU
		{01A0A067-6F1C-4DF4-8CE0-70F1C51C4448}.Debug|x64.Build.0 = Debug|Any CPU
		{01A0A067-6F1C-4DF4-8CE0-70F1C51C4448}.Release|Any CPU.ActiveCfg = Release|Any CPU
		{01A0A067-6F1C-4DF4-8CE0-70F1C51C4448}.Release|Any CPU.Build.0 = Release|Any CPU
		{01A0A067-6F1C-4DF4-8CE0-70F1C51C4448}.Release|x64.ActiveCfg = Release|Any CPU
		{01A0A067-6F1C-4DF4-8CE0-70F1C51C4448}.Release|x64.Build.0 = Release|Any CPU
		{25BB5974-8E72-4B23-BA31-4D51FA620195}.Debug|Any CPU.ActiveCfg = Debug|Any CPU
		{25BB5974-8E72-4B23-BA31-4D51FA620195}.Debug|Any CPU.Build.0 = Debug|Any CPU
		{25BB5974-8E72-4B23-BA31-4D51FA620195}.Debug|x64.ActiveCfg = Debug|Any CPU
		{25BB5974-8E72-4B23-BA31-4D51FA620195}.Debug|x64.Build.0 = Debug|Any CPU
		{25BB5974-8E72-4B23-BA31-4D51FA620195}.Release|Any CPU.ActiveCfg = Release|Any CPU
		{25BB5974-8E72-4B23-BA31-4D51FA620195}.Release|Any CPU.Build.0 = Release|Any CPU
		{25BB5974-8E72-4B23-BA31-4D51FA620195}.Release|x64.ActiveCfg = Release|Any CPU
		{25BB5974-8E72-4B23-BA31-4D51FA620195}.Release|x64.Build.0 = Release|Any CPU
		{3D7EFC12-0D9A-4D6A-B2E4-E51EDB27333B}.Debug|Any CPU.ActiveCfg = Debug|Any CPU
		{3D7EFC12-0D9A-4D6A-B2E4-E51EDB27333B}.Debug|Any CPU.Build.0 = Debug|Any CPU
		{3D7EFC12-0D9A-4D6A-B2E4-E51EDB27333B}.Debug|x64.ActiveCfg = Debug|Any CPU
		{3D7EFC12-0D9A-4D6A-B2E4-E51EDB27333B}.Debug|x64.Build.0 = Debug|Any CPU
		{3D7EFC12-0D9A-4D6A-B2E4-E51EDB27333B}.Release|Any CPU.ActiveCfg = Release|Any CPU
		{3D7EFC12-0D9A-4D6A-B2E4-E51EDB27333B}.Release|Any CPU.Build.0 = Release|Any CPU
		{3D7EFC12-0D9A-4D6A-B2E4-E51EDB27333B}.Release|x64.ActiveCfg = Release|Any CPU
		{3D7EFC12-0D9A-4D6A-B2E4-E51EDB27333B}.Release|x64.Build.0 = Release|Any CPU
		{06A97DD3-73D9-413B-A4A4-0CDC4EE0C6A5}.Debug|Any CPU.ActiveCfg = Debug|Any CPU
		{06A97DD3-73D9-413B-A4A4-0CDC4EE0C6A5}.Debug|Any CPU.Build.0 = Debug|Any CPU
		{06A97DD3-73D9-413B-A4A4-0CDC4EE0C6A5}.Debug|x64.ActiveCfg = Debug|Any CPU
		{06A97DD3-73D9-413B-A4A4-0CDC4EE0C6A5}.Debug|x64.Build.0 = Debug|Any CPU
		{06A97DD3-73D9-413B-A4A4-0CDC4EE0C6A5}.Release|Any CPU.ActiveCfg = Release|Any CPU
		{06A97DD3-73D9-413B-A4A4-0CDC4EE0C6A5}.Release|Any CPU.Build.0 = Release|Any CPU
		{06A97DD3-73D9-413B-A4A4-0CDC4EE0C6A5}.Release|x64.ActiveCfg = Release|Any CPU
		{06A97DD3-73D9-413B-A4A4-0CDC4EE0C6A5}.Release|x64.Build.0 = Release|Any CPU
		{E7C3E6B0-9591-42D6-B7DB-AFF0DC334A95}.Debug|Any CPU.ActiveCfg = Debug|Any CPU
		{E7C3E6B0-9591-42D6-B7DB-AFF0DC334A95}.Debug|Any CPU.Build.0 = Debug|Any CPU
		{E7C3E6B0-9591-42D6-B7DB-AFF0DC334A95}.Debug|x64.ActiveCfg = Debug|Any CPU
		{E7C3E6B0-9591-42D6-B7DB-AFF0DC334A95}.Debug|x64.Build.0 = Debug|Any CPU
		{E7C3E6B0-9591-42D6-B7DB-AFF0DC334A95}.Release|Any CPU.ActiveCfg = Release|Any CPU
		{E7C3E6B0-9591-42D6-B7DB-AFF0DC334A95}.Release|Any CPU.Build.0 = Release|Any CPU
		{E7C3E6B0-9591-42D6-B7DB-AFF0DC334A95}.Release|x64.ActiveCfg = Release|Any CPU
		{E7C3E6B0-9591-42D6-B7DB-AFF0DC334A95}.Release|x64.Build.0 = Release|Any CPU
		{0AC84FDF-A9CF-4A43-BC23-C392240642EA}.Debug|Any CPU.ActiveCfg = Debug|Any CPU
		{0AC84FDF-A9CF-4A43-BC23-C392240642EA}.Debug|Any CPU.Build.0 = Debug|Any CPU
		{0AC84FDF-A9CF-4A43-BC23-C392240642EA}.Debug|x64.ActiveCfg = Debug|Any CPU
		{0AC84FDF-A9CF-4A43-BC23-C392240642EA}.Debug|x64.Build.0 = Debug|Any CPU
		{0AC84FDF-A9CF-4A43-BC23-C392240642EA}.Release|Any CPU.ActiveCfg = Release|Any CPU
		{0AC84FDF-A9CF-4A43-BC23-C392240642EA}.Release|Any CPU.Build.0 = Release|Any CPU
		{0AC84FDF-A9CF-4A43-BC23-C392240642EA}.Release|x64.ActiveCfg = Release|Any CPU
		{0AC84FDF-A9CF-4A43-BC23-C392240642EA}.Release|x64.Build.0 = Release|Any CPU
		{EE6B62AF-CF06-4F18-9B0A-89DCFAC8B01D}.Debug|Any CPU.ActiveCfg = Debug|Any CPU
		{EE6B62AF-CF06-4F18-9B0A-89DCFAC8B01D}.Debug|Any CPU.Build.0 = Debug|Any CPU
		{EE6B62AF-CF06-4F18-9B0A-89DCFAC8B01D}.Debug|x64.ActiveCfg = Debug|Any CPU
		{EE6B62AF-CF06-4F18-9B0A-89DCFAC8B01D}.Debug|x64.Build.0 = Debug|Any CPU
		{EE6B62AF-CF06-4F18-9B0A-89DCFAC8B01D}.Release|Any CPU.ActiveCfg = Release|Any CPU
		{EE6B62AF-CF06-4F18-9B0A-89DCFAC8B01D}.Release|Any CPU.Build.0 = Release|Any CPU
		{EE6B62AF-CF06-4F18-9B0A-89DCFAC8B01D}.Release|x64.ActiveCfg = Release|Any CPU
		{EE6B62AF-CF06-4F18-9B0A-89DCFAC8B01D}.Release|x64.Build.0 = Release|Any CPU
		{150C9D43-0730-4BCA-AA75-E7891353D460}.Debug|Any CPU.ActiveCfg = Debug|Any CPU
		{150C9D43-0730-4BCA-AA75-E7891353D460}.Debug|Any CPU.Build.0 = Debug|Any CPU
		{150C9D43-0730-4BCA-AA75-E7891353D460}.Debug|x64.ActiveCfg = Debug|Any CPU
		{150C9D43-0730-4BCA-AA75-E7891353D460}.Debug|x64.Build.0 = Debug|Any CPU
		{150C9D43-0730-4BCA-AA75-E7891353D460}.Release|Any CPU.ActiveCfg = Release|Any CPU
		{150C9D43-0730-4BCA-AA75-E7891353D460}.Release|Any CPU.Build.0 = Release|Any CPU
		{150C9D43-0730-4BCA-AA75-E7891353D460}.Release|x64.ActiveCfg = Release|Any CPU
		{150C9D43-0730-4BCA-AA75-E7891353D460}.Release|x64.Build.0 = Release|Any CPU
		{AA224272-D168-489F-8F2B-4AC9E980BB6B}.Debug|Any CPU.ActiveCfg = Debug|Any CPU
		{AA224272-D168-489F-8F2B-4AC9E980BB6B}.Debug|Any CPU.Build.0 = Debug|Any CPU
		{AA224272-D168-489F-8F2B-4AC9E980BB6B}.Debug|x64.ActiveCfg = Debug|Any CPU
		{AA224272-D168-489F-8F2B-4AC9E980BB6B}.Debug|x64.Build.0 = Debug|Any CPU
		{AA224272-D168-489F-8F2B-4AC9E980BB6B}.Release|Any CPU.ActiveCfg = Release|Any CPU
		{AA224272-D168-489F-8F2B-4AC9E980BB6B}.Release|Any CPU.Build.0 = Release|Any CPU
		{AA224272-D168-489F-8F2B-4AC9E980BB6B}.Release|x64.ActiveCfg = Release|Any CPU
		{AA224272-D168-489F-8F2B-4AC9E980BB6B}.Release|x64.Build.0 = Release|Any CPU
		{6619FA0E-1B90-461A-AFAE-A0ED743CF74D}.Debug|Any CPU.ActiveCfg = Debug|Any CPU
		{6619FA0E-1B90-461A-AFAE-A0ED743CF74D}.Debug|Any CPU.Build.0 = Debug|Any CPU
		{6619FA0E-1B90-461A-AFAE-A0ED743CF74D}.Debug|x64.ActiveCfg = Debug|Any CPU
		{6619FA0E-1B90-461A-AFAE-A0ED743CF74D}.Debug|x64.Build.0 = Debug|Any CPU
		{6619FA0E-1B90-461A-AFAE-A0ED743CF74D}.Release|Any CPU.ActiveCfg = Release|Any CPU
		{6619FA0E-1B90-461A-AFAE-A0ED743CF74D}.Release|Any CPU.Build.0 = Release|Any CPU
		{6619FA0E-1B90-461A-AFAE-A0ED743CF74D}.Release|x64.ActiveCfg = Release|Any CPU
		{6619FA0E-1B90-461A-AFAE-A0ED743CF74D}.Release|x64.Build.0 = Release|Any CPU
		{B8A051A1-C1B3-40B6-8FCB-B93C39FFE5FA}.Debug|Any CPU.ActiveCfg = Debug|Any CPU
		{B8A051A1-C1B3-40B6-8FCB-B93C39FFE5FA}.Debug|Any CPU.Build.0 = Debug|Any CPU
		{B8A051A1-C1B3-40B6-8FCB-B93C39FFE5FA}.Debug|x64.ActiveCfg = Debug|Any CPU
		{B8A051A1-C1B3-40B6-8FCB-B93C39FFE5FA}.Debug|x64.Build.0 = Debug|Any CPU
		{B8A051A1-C1B3-40B6-8FCB-B93C39FFE5FA}.Release|Any CPU.ActiveCfg = Release|Any CPU
		{B8A051A1-C1B3-40B6-8FCB-B93C39FFE5FA}.Release|Any CPU.Build.0 = Release|Any CPU
		{B8A051A1-C1B3-40B6-8FCB-B93C39FFE5FA}.Release|x64.ActiveCfg = Release|Any CPU
		{B8A051A1-C1B3-40B6-8FCB-B93C39FFE5FA}.Release|x64.Build.0 = Release|Any CPU
		{416D6C0D-0F71-48D6-9219-A6CEB86116F9}.Debug|Any CPU.ActiveCfg = Debug|Any CPU
		{416D6C0D-0F71-48D6-9219-A6CEB86116F9}.Debug|Any CPU.Build.0 = Debug|Any CPU
		{416D6C0D-0F71-48D6-9219-A6CEB86116F9}.Debug|x64.ActiveCfg = Debug|Any CPU
		{416D6C0D-0F71-48D6-9219-A6CEB86116F9}.Debug|x64.Build.0 = Debug|Any CPU
		{416D6C0D-0F71-48D6-9219-A6CEB86116F9}.Release|Any CPU.ActiveCfg = Release|Any CPU
		{416D6C0D-0F71-48D6-9219-A6CEB86116F9}.Release|Any CPU.Build.0 = Release|Any CPU
		{416D6C0D-0F71-48D6-9219-A6CEB86116F9}.Release|x64.ActiveCfg = Release|Any CPU
		{416D6C0D-0F71-48D6-9219-A6CEB86116F9}.Release|x64.Build.0 = Release|Any CPU
		{929DA311-2AFD-4B7D-8017-DE99136E559E}.Debug|Any CPU.ActiveCfg = Debug|Any CPU
		{929DA311-2AFD-4B7D-8017-DE99136E559E}.Debug|Any CPU.Build.0 = Debug|Any CPU
		{929DA311-2AFD-4B7D-8017-DE99136E559E}.Debug|x64.ActiveCfg = Debug|Any CPU
		{929DA311-2AFD-4B7D-8017-DE99136E559E}.Debug|x64.Build.0 = Debug|Any CPU
		{929DA311-2AFD-4B7D-8017-DE99136E559E}.Release|Any CPU.ActiveCfg = Release|Any CPU
		{929DA311-2AFD-4B7D-8017-DE99136E559E}.Release|Any CPU.Build.0 = Release|Any CPU
		{929DA311-2AFD-4B7D-8017-DE99136E559E}.Release|x64.ActiveCfg = Release|Any CPU
		{929DA311-2AFD-4B7D-8017-DE99136E559E}.Release|x64.Build.0 = Release|Any CPU
		{362A5F01-EFE7-4B05-A733-4A074BA60FB1}.Debug|Any CPU.ActiveCfg = Debug|Any CPU
		{362A5F01-EFE7-4B05-A733-4A074BA60FB1}.Debug|Any CPU.Build.0 = Debug|Any CPU
		{362A5F01-EFE7-4B05-A733-4A074BA60FB1}.Debug|x64.ActiveCfg = Debug|Any CPU
		{362A5F01-EFE7-4B05-A733-4A074BA60FB1}.Debug|x64.Build.0 = Debug|Any CPU
		{362A5F01-EFE7-4B05-A733-4A074BA60FB1}.Release|Any CPU.ActiveCfg = Release|Any CPU
		{362A5F01-EFE7-4B05-A733-4A074BA60FB1}.Release|Any CPU.Build.0 = Release|Any CPU
		{362A5F01-EFE7-4B05-A733-4A074BA60FB1}.Release|x64.ActiveCfg = Release|Any CPU
		{362A5F01-EFE7-4B05-A733-4A074BA60FB1}.Release|x64.Build.0 = Release|Any CPU
		{5124D023-C1AC-41F1-A271-8270696142F5}.Debug|Any CPU.ActiveCfg = Debug|Any CPU
		{5124D023-C1AC-41F1-A271-8270696142F5}.Debug|Any CPU.Build.0 = Debug|Any CPU
		{5124D023-C1AC-41F1-A271-8270696142F5}.Debug|x64.ActiveCfg = Debug|Any CPU
		{5124D023-C1AC-41F1-A271-8270696142F5}.Debug|x64.Build.0 = Debug|Any CPU
		{5124D023-C1AC-41F1-A271-8270696142F5}.Release|Any CPU.ActiveCfg = Release|Any CPU
		{5124D023-C1AC-41F1-A271-8270696142F5}.Release|Any CPU.Build.0 = Release|Any CPU
		{5124D023-C1AC-41F1-A271-8270696142F5}.Release|x64.ActiveCfg = Release|Any CPU
		{5124D023-C1AC-41F1-A271-8270696142F5}.Release|x64.Build.0 = Release|Any CPU
		{83C82FD6-6C8F-45DF-A44C-C114714E421B}.Debug|Any CPU.ActiveCfg = Debug|Any CPU
		{83C82FD6-6C8F-45DF-A44C-C114714E421B}.Debug|Any CPU.Build.0 = Debug|Any CPU
		{83C82FD6-6C8F-45DF-A44C-C114714E421B}.Debug|x64.ActiveCfg = Debug|Any CPU
		{83C82FD6-6C8F-45DF-A44C-C114714E421B}.Debug|x64.Build.0 = Debug|Any CPU
		{83C82FD6-6C8F-45DF-A44C-C114714E421B}.Release|Any CPU.ActiveCfg = Release|Any CPU
		{83C82FD6-6C8F-45DF-A44C-C114714E421B}.Release|Any CPU.Build.0 = Release|Any CPU
		{83C82FD6-6C8F-45DF-A44C-C114714E421B}.Release|x64.ActiveCfg = Release|Any CPU
		{83C82FD6-6C8F-45DF-A44C-C114714E421B}.Release|x64.Build.0 = Release|Any CPU
		{99920F1A-B87C-4751-A6A7-2389B1B0E83A}.Debug|Any CPU.ActiveCfg = Debug|Any CPU
		{99920F1A-B87C-4751-A6A7-2389B1B0E83A}.Debug|Any CPU.Build.0 = Debug|Any CPU
		{99920F1A-B87C-4751-A6A7-2389B1B0E83A}.Debug|x64.ActiveCfg = Debug|Any CPU
		{99920F1A-B87C-4751-A6A7-2389B1B0E83A}.Debug|x64.Build.0 = Debug|Any CPU
		{99920F1A-B87C-4751-A6A7-2389B1B0E83A}.Release|Any CPU.ActiveCfg = Release|Any CPU
		{99920F1A-B87C-4751-A6A7-2389B1B0E83A}.Release|Any CPU.Build.0 = Release|Any CPU
		{99920F1A-B87C-4751-A6A7-2389B1B0E83A}.Release|x64.ActiveCfg = Release|Any CPU
		{99920F1A-B87C-4751-A6A7-2389B1B0E83A}.Release|x64.Build.0 = Release|Any CPU
	EndGlobalSection
	GlobalSection(SolutionProperties) = preSolution
		HideSolutionNode = FALSE
	EndGlobalSection
	GlobalSection(NestedProjects) = preSolution
		{9A5B0F0E-08F1-49C7-AAFC-27FDB74640CC} = {3AFCD893-106D-4765-B2CD-B7832FFA3F31}
		{F4739E48-0647-47C4-AAAA-1691FBA0B1D1} = {3AFCD893-106D-4765-B2CD-B7832FFA3F31}
		{39F8EBEE-868A-44FE-B3FA-F0324A60A827} = {3AFCD893-106D-4765-B2CD-B7832FFA3F31}
		{87E0CBB4-9313-45DE-8D6F-F47471633F63} = {3AFCD893-106D-4765-B2CD-B7832FFA3F31}
		{6BB2BEA8-BCB4-43DE-83B0-5DD5380C044F} = {3AFCD893-106D-4765-B2CD-B7832FFA3F31}
		{01A0A067-6F1C-4DF4-8CE0-70F1C51C4448} = {3AFCD893-106D-4765-B2CD-B7832FFA3F31}
		{150C9D43-0730-4BCA-AA75-E7891353D460} = {3AFCD893-106D-4765-B2CD-B7832FFA3F31}
		{AA224272-D168-489F-8F2B-4AC9E980BB6B} = {3AFCD893-106D-4765-B2CD-B7832FFA3F31}
		{6619FA0E-1B90-461A-AFAE-A0ED743CF74D} = {02494A1D-3369-4236-9757-22111F5CB1B0}
		{B8A051A1-C1B3-40B6-8FCB-B93C39FFE5FA} = {02494A1D-3369-4236-9757-22111F5CB1B0}
		{416D6C0D-0F71-48D6-9219-A6CEB86116F9} = {02494A1D-3369-4236-9757-22111F5CB1B0}
		{362A5F01-EFE7-4B05-A733-4A074BA60FB1} = {3AFCD893-106D-4765-B2CD-B7832FFA3F31}
	EndGlobalSection
	GlobalSection(ExtensibilityGlobals) = postSolution
		SolutionGuid = {F4F01039-E654-4853-A53C-CC0CEEF700A5}
	EndGlobalSection
EndGlobal
